
Microsoft Visual Studio Solution File, Format Version 12.00
# Visual Studio 15
VisualStudioVersion = 15.0.27428.2027
MinimumVisualStudioVersion = 10.0.40219.1
Project("{FAE04EC0-301F-11D3-BF4B-00C04F79EFBC}") = "ValidaFacturassSAT", "ValidaFacturassSAT\ValidaFacturassSAT.csproj", "{4C4FA056-0EFE-4EAE-8622-3CB8ABF80E54}"
EndProject
Global
	GlobalSection(SolutionConfigurationPlatforms) = preSolution
		Debug|Any CPU = Debug|Any CPU
		Release|Any CPU = Release|Any CPU
	EndGlobalSection
	GlobalSection(ProjectConfigurationPlatforms) = postSolution
		{4C4FA056-0EFE-4EAE-8622-3CB8ABF80E54}.Debug|Any CPU.ActiveCfg = Debug|Any CPU
		{4C4FA056-0EFE-4EAE-8622-3CB8ABF80E54}.Debug|Any CPU.Build.0 = Debug|Any CPU
		{4C4FA056-0EFE-4EAE-8622-3CB8ABF80E54}.Release|Any CPU.ActiveCfg = Release|Any CPU
		{4C4FA056-0EFE-4EAE-8622-3CB8ABF80E54}.Release|Any CPU.Build.0 = Release|Any CPU
	EndGlobalSection
	GlobalSection(SolutionProperties) = preSolution
		HideSolutionNode = FALSE
	EndGlobalSection
	GlobalSection(ExtensibilityGlobals) = postSolution
		SolutionGuid = {F39F83A5-131F-4910-925D-EB83C25CED2D}
	EndGlobalSection
EndGlobal
